// !$*UTF8*$!
{
	archiveVersion = 1;
	classes = {
	};
	objectVersion = 55;
	objects = {

/* Begin PBXBuildFile section */
		DA5FD2D2188B0138071B7F51 /* Pods_ToDoList.framework in Frameworks */ = {isa = PBXBuildFile; fileRef = 7E0961AC1B746999E0EE6A15 /* Pods_ToDoList.framework */; };
		FC5A07C929A506E3003BD376 /* Item.swift in Sources */ = {isa = PBXBuildFile; fileRef = FC5A07C829A506E3003BD376 /* Item.swift */; };
		FC5A07CB29A506F8003BD376 /* Category.swift in Sources */ = {isa = PBXBuildFile; fileRef = FC5A07CA29A506F8003BD376 /* Category.swift */; };
		FC5ED9A8299E2C3100CB35D2 /* AppDelegate.swift in Sources */ = {isa = PBXBuildFile; fileRef = FC5ED9A7299E2C3100CB35D2 /* AppDelegate.swift */; };
		FC5ED9AA299E2C3100CB35D2 /* SceneDelegate.swift in Sources */ = {isa = PBXBuildFile; fileRef = FC5ED9A9299E2C3100CB35D2 /* SceneDelegate.swift */; };
		FC5ED9AC299E2C3100CB35D2 /* TodoListViewController.swift in Sources */ = {isa = PBXBuildFile; fileRef = FC5ED9AB299E2C3100CB35D2 /* TodoListViewController.swift */; };
		FC5ED9AF299E2C3100CB35D2 /* Main.storyboard in Resources */ = {isa = PBXBuildFile; fileRef = FC5ED9AD299E2C3100CB35D2 /* Main.storyboard */; };
		FC5ED9B1299E2C3300CB35D2 /* Assets.xcassets in Resources */ = {isa = PBXBuildFile; fileRef = FC5ED9B0299E2C3300CB35D2 /* Assets.xcassets */; };
		FC5ED9B4299E2C3300CB35D2 /* LaunchScreen.storyboard in Resources */ = {isa = PBXBuildFile; fileRef = FC5ED9B2299E2C3300CB35D2 /* LaunchScreen.storyboard */; };
		FC5ED9C8299F857E00CB35D2 /* CategoryTableViewController.swift in Sources */ = {isa = PBXBuildFile; fileRef = FC5ED9C7299F857E00CB35D2 /* CategoryTableViewController.swift */; };
		FCF4F5E829A7CC70004B37FC /* SwipeTableViewController.swift in Sources */ = {isa = PBXBuildFile; fileRef = FCF4F5E729A7CC70004B37FC /* SwipeTableViewController.swift */; };
/* End PBXBuildFile section */

/* Begin PBXFileReference section */
		7E0961AC1B746999E0EE6A15 /* Pods_ToDoList.framework */ = {isa = PBXFileReference; explicitFileType = wrapper.framework; includeInIndex = 0; path = Pods_ToDoList.framework; sourceTree = BUILT_PRODUCTS_DIR; };
		A87DBCCD6CADE4A76DD9C171 /* Pods-ToDoList.debug.xcconfig */ = {isa = PBXFileReference; includeInIndex = 1; lastKnownFileType = text.xcconfig; name = "Pods-ToDoList.debug.xcconfig"; path = "Target Support Files/Pods-ToDoList/Pods-ToDoList.debug.xcconfig"; sourceTree = "<group>"; };
		C02755665A200EEF19A67094 /* Pods-ToDoList.release.xcconfig */ = {isa = PBXFileReference; includeInIndex = 1; lastKnownFileType = text.xcconfig; name = "Pods-ToDoList.release.xcconfig"; path = "Target Support Files/Pods-ToDoList/Pods-ToDoList.release.xcconfig"; sourceTree = "<group>"; };
		FC5A07C829A506E3003BD376 /* Item.swift */ = {isa = PBXFileReference; lastKnownFileType = sourcecode.swift; path = Item.swift; sourceTree = "<group>"; };
		FC5A07CA29A506F8003BD376 /* Category.swift */ = {isa = PBXFileReference; lastKnownFileType = sourcecode.swift; path = Category.swift; sourceTree = "<group>"; };
		FC5ED9A4299E2C3100CB35D2 /* ToDoList.app */ = {isa = PBXFileReference; explicitFileType = wrapper.application; includeInIndex = 0; path = ToDoList.app; sourceTree = BUILT_PRODUCTS_DIR; };
		FC5ED9A7299E2C3100CB35D2 /* AppDelegate.swift */ = {isa = PBXFileReference; lastKnownFileType = sourcecode.swift; path = AppDelegate.swift; sourceTree = "<group>"; };
		FC5ED9A9299E2C3100CB35D2 /* SceneDelegate.swift */ = {isa = PBXFileReference; lastKnownFileType = sourcecode.swift; path = SceneDelegate.swift; sourceTree = "<group>"; };
		FC5ED9AB299E2C3100CB35D2 /* TodoListViewController.swift */ = {isa = PBXFileReference; lastKnownFileType = sourcecode.swift; path = TodoListViewController.swift; sourceTree = "<group>"; };
		FC5ED9AE299E2C3100CB35D2 /* Base */ = {isa = PBXFileReference; lastKnownFileType = file.storyboard; name = Base; path = Base.lproj/Main.storyboard; sourceTree = "<group>"; };
		FC5ED9B0299E2C3300CB35D2 /* Assets.xcassets */ = {isa = PBXFileReference; lastKnownFileType = folder.assetcatalog; path = Assets.xcassets; sourceTree = "<group>"; };
		FC5ED9B3299E2C3300CB35D2 /* Base */ = {isa = PBXFileReference; lastKnownFileType = file.storyboard; name = Base; path = Base.lproj/LaunchScreen.storyboard; sourceTree = "<group>"; };
		FC5ED9B5299E2C3300CB35D2 /* Info.plist */ = {isa = PBXFileReference; lastKnownFileType = text.plist.xml; path = Info.plist; sourceTree = "<group>"; };
		FC5ED9C7299F857E00CB35D2 /* CategoryTableViewController.swift */ = {isa = PBXFileReference; lastKnownFileType = sourcecode.swift; path = CategoryTableViewController.swift; sourceTree = "<group>"; };
		FCF4F5E729A7CC70004B37FC /* SwipeTableViewController.swift */ = {isa = PBXFileReference; lastKnownFileType = sourcecode.swift; path = SwipeTableViewController.swift; sourceTree = "<group>"; };
/* End PBXFileReference section */

/* Begin PBXFrameworksBuildPhase section */
		FC5ED9A1299E2C3100CB35D2 /* Frameworks */ = {
			isa = PBXFrameworksBuildPhase;
			buildActionMask = 2147483647;
			files = (
				DA5FD2D2188B0138071B7F51 /* Pods_ToDoList.framework in Frameworks */,
			);
			runOnlyForDeploymentPostprocessing = 0;
		};
/* End PBXFrameworksBuildPhase section */

/* Begin PBXGroup section */
		02BE95B679B05A3C888B6C80 /* Pods */ = {
			isa = PBXGroup;
			children = (
				A87DBCCD6CADE4A76DD9C171 /* Pods-ToDoList.debug.xcconfig */,
				C02755665A200EEF19A67094 /* Pods-ToDoList.release.xcconfig */,
			);
			path = Pods;
			sourceTree = "<group>";
		};
		F1122421D46677BA270C8AF3 /* Frameworks */ = {
			isa = PBXGroup;
			children = (
				7E0961AC1B746999E0EE6A15 /* Pods_ToDoList.framework */,
			);
			name = Frameworks;
			sourceTree = "<group>";
		};
		FC5ED99B299E2C3100CB35D2 = {
			isa = PBXGroup;
			children = (
				FC5ED9A6299E2C3100CB35D2 /* ToDoList */,
				FC5ED9A5299E2C3100CB35D2 /* Products */,
				02BE95B679B05A3C888B6C80 /* Pods */,
				F1122421D46677BA270C8AF3 /* Frameworks */,
			);
			sourceTree = "<group>";
		};
		FC5ED9A5299E2C3100CB35D2 /* Products */ = {
			isa = PBXGroup;
			children = (
				FC5ED9A4299E2C3100CB35D2 /* ToDoList.app */,
			);
			name = Products;
			sourceTree = "<group>";
		};
		FC5ED9A6299E2C3100CB35D2 /* ToDoList */ = {
			isa = PBXGroup;
			children = (
				FC5ED9A7299E2C3100CB35D2 /* AppDelegate.swift */,
				FC5ED9A9299E2C3100CB35D2 /* SceneDelegate.swift */,
				FC5ED9C1299EA9F000CB35D2 /* Controllers */,
				FC5ED9C0299EA9BF00CB35D2 /* Data Model */,
				FC5ED9C2299EAA0300CB35D2 /* Views */,
				FC5ED9C3299EAA2200CB35D2 /* Supporting Files  */,
				FC5ED9B5299E2C3300CB35D2 /* Info.plist */,
			);
			path = ToDoList;
			sourceTree = "<group>";
		};
		FC5ED9C0299EA9BF00CB35D2 /* Data Model */ = {
			isa = PBXGroup;
			children = (
				FC5A07CA29A506F8003BD376 /* Category.swift */,
				FC5A07C829A506E3003BD376 /* Item.swift */,
			);
			path = "Data Model";
			sourceTree = "<group>";
		};
		FC5ED9C1299EA9F000CB35D2 /* Controllers */ = {
			isa = PBXGroup;
			children = (
				FC5ED9C7299F857E00CB35D2 /* CategoryTableViewController.swift */,
				FC5ED9AB299E2C3100CB35D2 /* TodoListViewController.swift */,
				FCF4F5E729A7CC70004B37FC /* SwipeTableViewController.swift */,
			);
			path = Controllers;
			sourceTree = "<group>";
		};
		FC5ED9C2299EAA0300CB35D2 /* Views */ = {
			isa = PBXGroup;
			children = (
				FC5ED9AD299E2C3100CB35D2 /* Main.storyboard */,
			);
			path = Views;
			sourceTree = "<group>";
		};
		FC5ED9C3299EAA2200CB35D2 /* Supporting Files  */ = {
			isa = PBXGroup;
			children = (
				FC5ED9B0299E2C3300CB35D2 /* Assets.xcassets */,
				FC5ED9B2299E2C3300CB35D2 /* LaunchScreen.storyboard */,
			);
			path = "Supporting Files ";
			sourceTree = "<group>";
		};
/* End PBXGroup section */

/* Begin PBXNativeTarget section */
		FC5ED9A3299E2C3100CB35D2 /* ToDoList */ = {
			isa = PBXNativeTarget;
			buildConfigurationList = FC5ED9B8299E2C3300CB35D2 /* Build configuration list for PBXNativeTarget "ToDoList" */;
			buildPhases = (
				C929C192618013171BFD4279 /* [CP] Check Pods Manifest.lock */,
				FC5ED9A0299E2C3100CB35D2 /* Sources */,
				FC5ED9A1299E2C3100CB35D2 /* Frameworks */,
				FC5ED9A2299E2C3100CB35D2 /* Resources */,
				E3C57A8E8E594A2BF8C6F0DF /* [CP] Embed Pods Frameworks */,
			);
			buildRules = (
			);
			dependencies = (
			);
			name = ToDoList;
			productName = ToDoList;
			productReference = FC5ED9A4299E2C3100CB35D2 /* ToDoList.app */;
			productType = "com.apple.product-type.application";
		};
/* End PBXNativeTarget section */

/* Begin PBXProject section */
		FC5ED99C299E2C3100CB35D2 /* Project object */ = {
			isa = PBXProject;
			attributes = {
				BuildIndependentTargetsInParallel = 1;
				LastSwiftUpdateCheck = 1320;
				LastUpgradeCheck = 1320;
				TargetAttributes = {
					FC5ED9A3299E2C3100CB35D2 = {
						CreatedOnToolsVersion = 13.2.1;
					};
				};
			};
			buildConfigurationList = FC5ED99F299E2C3100CB35D2 /* Build configuration list for PBXProject "ToDoList" */;
			compatibilityVersion = "Xcode 13.0";
			developmentRegion = en;
			hasScannedForEncodings = 0;
			knownRegions = (
				en,
				Base,
			);
			mainGroup = FC5ED99B299E2C3100CB35D2;
			productRefGroup = FC5ED9A5299E2C3100CB35D2 /* Products */;
			projectDirPath = "";
			projectRoot = "";
			targets = (
				FC5ED9A3299E2C3100CB35D2 /* ToDoList */,
			);
		};
/* End PBXProject section */

/* Begin PBXResourcesBuildPhase section */
		FC5ED9A2299E2C3100CB35D2 /* Resources */ = {
			isa = PBXResourcesBuildPhase;
			buildActionMask = 2147483647;
			files = (
				FC5ED9B4299E2C3300CB35D2 /* LaunchScreen.storyboard in Resources */,
				FC5ED9B1299E2C3300CB35D2 /* Assets.xcassets in Resources */,
				FC5ED9AF299E2C3100CB35D2 /* Main.storyboard in Resources */,
			);
			runOnlyForDeploymentPostprocessing = 0;
		};
/* End PBXResourcesBuildPhase section */

/* Begin PBXShellScriptBuildPhase section */
		C929C192618013171BFD4279 /* [CP] Check Pods Manifest.lock */ = {
			isa = PBXShellScriptBuildPhase;
			buildActionMask = 2147483647;
			files = (
			);
			inputFileListPaths = (
			);
			inputPaths = (
				"${PODS_PODFILE_DIR_PATH}/Podfile.lock",
				"${PODS_ROOT}/Manifest.lock",
			);
			name = "[CP] Check Pods Manifest.lock";
			outputFileListPaths = (
			);
			outputPaths = (
				"$(DERIVED_FILE_DIR)/Pods-ToDoList-checkManifestLockResult.txt",
			);
			runOnlyForDeploymentPostprocessing = 0;
			shellPath = /bin/sh;
			shellScript = "diff \"${PODS_PODFILE_DIR_PATH}/Podfile.lock\" \"${PODS_ROOT}/Manifest.lock\" > /dev/null\nif [ $? != 0 ] ; then\n    # print error to STDERR\n    echo \"error: The sandbox is not in sync with the Podfile.lock. Run 'pod install' or update your CocoaPods installation.\" >&2\n    exit 1\nfi\n# This output is used by Xcode 'outputs' to avoid re-running this script phase.\necho \"SUCCESS\" > \"${SCRIPT_OUTPUT_FILE_0}\"\n";
			showEnvVarsInLog = 0;
		};
		E3C57A8E8E594A2BF8C6F0DF /* [CP] Embed Pods Frameworks */ = {
			isa = PBXShellScriptBuildPhase;
			buildActionMask = 2147483647;
			files = (
			);
			inputFileListPaths = (
				"${PODS_ROOT}/Target Support Files/Pods-ToDoList/Pods-ToDoList-frameworks-${CONFIGURATION}-input-files.xcfilelist",
			);
			name = "[CP] Embed Pods Frameworks";
			outputFileListPaths = (
				"${PODS_ROOT}/Target Support Files/Pods-ToDoList/Pods-ToDoList-frameworks-${CONFIGURATION}-output-files.xcfilelist",
			);
			runOnlyForDeploymentPostprocessing = 0;
			shellPath = /bin/sh;
			shellScript = "\"${PODS_ROOT}/Target Support Files/Pods-ToDoList/Pods-ToDoList-frameworks.sh\"\n";
			showEnvVarsInLog = 0;
		};
/* End PBXShellScriptBuildPhase section */

/* Begin PBXSourcesBuildPhase section */
		FC5ED9A0299E2C3100CB35D2 /* Sources */ = {
			isa = PBXSourcesBuildPhase;
			buildActionMask = 2147483647;
			files = (
				FC5ED9AC299E2C3100CB35D2 /* TodoListViewController.swift in Sources */,
				FC5ED9C8299F857E00CB35D2 /* CategoryTableViewController.swift in Sources */,
				FC5ED9A8299E2C3100CB35D2 /* AppDelegate.swift in Sources */,
				FCF4F5E829A7CC70004B37FC /* SwipeTableViewController.swift in Sources */,
				FC5A07C929A506E3003BD376 /* Item.swift in Sources */,
				FC5ED9AA299E2C3100CB35D2 /* SceneDelegate.swift in Sources */,
				FC5A07CB29A506F8003BD376 /* Category.swift in Sources */,
			);
			runOnlyForDeploymentPostprocessing = 0;
		};
/* End PBXSourcesBuildPhase section */

/* Begin PBXVariantGroup section */
		FC5ED9AD299E2C3100CB35D2 /* Main.storyboard */ = {
			isa = PBXVariantGroup;
			children = (
				FC5ED9AE299E2C3100CB35D2 /* Base */,
			);
			name = Main.storyboard;
			sourceTree = "<group>";
		};
		FC5ED9B2299E2C3300CB35D2 /* LaunchScreen.storyboard */ = {
			isa = PBXVariantGroup;
			children = (
				FC5ED9B3299E2C3300CB35D2 /* Base */,
			);
			name = LaunchScreen.storyboard;
			sourceTree = "<group>";
		};
/* End PBXVariantGroup section */

/* Begin XCBuildConfiguration section */
		FC5ED9B6299E2C3300CB35D2 /* Debug */ = {
			isa = XCBuildConfiguration;
			buildSettings = {
				ALWAYS_SEARCH_USER_PATHS = NO;
				CLANG_ANALYZER_NONNULL = YES;
				CLANG_ANALYZER_NUMBER_OBJECT_CONVERSION = YES_AGGRESSIVE;
				CLANG_CXX_LANGUAGE_STANDARD = "gnu++17";
				CLANG_CXX_LIBRARY = "libc++";
				CLANG_ENABLE_MODULES = YES;
				CLANG_ENABLE_OBJC_ARC = YES;
				CLANG_ENABLE_OBJC_WEAK = YES;
				CLANG_WARN_BLOCK_CAPTURE_AUTORELEASING = YES;
				CLANG_WARN_BOOL_CONVERSION = YES;
				CLANG_WARN_COMMA = YES;
				CLANG_WARN_CONSTANT_CONVERSION = YES;
				CLANG_WARN_DEPRECATED_OBJC_IMPLEMENTATIONS = YES;
				CLANG_WARN_DIRECT_OBJC_ISA_USAGE = YES_ERROR;
				CLANG_WARN_DOCUMENTATION_COMMENTS = YES;
				CLANG_WARN_EMPTY_BODY = YES;
				CLANG_WARN_ENUM_CONVERSION = YES;
				CLANG_WARN_INFINITE_RECURSION = YES;
				CLANG_WARN_INT_CONVERSION = YES;
				CLANG_WARN_NON_LITERAL_NULL_CONVERSION = YES;
				CLANG_WARN_OBJC_IMPLICIT_RETAIN_SELF = YES;
				CLANG_WARN_OBJC_LITERAL_CONVERSION = YES;
				CLANG_WARN_OBJC_ROOT_CLASS = YES_ERROR;
				CLANG_WARN_QUOTED_INCLUDE_IN_FRAMEWORK_HEADER = YES;
				CLANG_WARN_RANGE_LOOP_ANALYSIS = YES;
				CLANG_WARN_STRICT_PROTOTYPES = YES;
				CLANG_WARN_SUSPICIOUS_MOVE = YES;
				CLANG_WARN_UNGUARDED_AVAILABILITY = YES_AGGRESSIVE;
				CLANG_WARN_UNREACHABLE_CODE = YES;
				CLANG_WARN__DUPLICATE_METHOD_MATCH = YES;
				COPY_PHASE_STRIP = NO;
				DEBUG_INFORMATION_FORMAT = dwarf;
				ENABLE_STRICT_OBJC_MSGSEND = YES;
				ENABLE_TESTABILITY = YES;
				GCC_C_LANGUAGE_STANDARD = gnu11;
				GCC_DYNAMIC_NO_PIC = NO;
				GCC_NO_COMMON_BLOCKS = YES;
				GCC_OPTIMIZATION_LEVEL = 0;
				GCC_PREPROCESSOR_DEFINITIONS = (
					"DEBUG=1",
					"$(inherited)",
				);
				GCC_WARN_64_TO_32_BIT_CONVERSION = YES;
				GCC_WARN_ABOUT_RETURN_TYPE = YES_ERROR;
				GCC_WARN_UNDECLARED_SELECTOR = YES;
				GCC_WARN_UNINITIALIZED_AUTOS = YES_AGGRESSIVE;
				GCC_WARN_UNUSED_FUNCTION = YES;
				GCC_WARN_UNUSED_VARIABLE = YES;
				IPHONEOS_DEPLOYMENT_TARGET = 15.2;
				MTL_ENABLE_DEBUG_INFO = INCLUDE_SOURCE;
				MTL_FAST_MATH = YES;
				ONLY_ACTIVE_ARCH = YES;
				SDKROOT = iphoneos;
				SWIFT_ACTIVE_COMPILATION_CONDITIONS = DEBUG;
				SWIFT_OPTIMIZATION_LEVEL = "-Onone";
			};
			name = Debug;
		};
		FC5ED9B7299E2C3300CB35D2 /* Release */ = {
			isa = XCBuildConfiguration;
			buildSettings = {
				ALWAYS_SEARCH_USER_PATHS = NO;
				CLANG_ANALYZER_NONNULL = YES;
				CLANG_ANALYZER_NUMBER_OBJECT_CONVERSION = YES_AGGRESSIVE;
				CLANG_CXX_LANGUAGE_STANDARD = "gnu++17";
				CLANG_CXX_LIBRARY = "libc++";
				CLANG_ENABLE_MODULES = YES;
				CLANG_ENABLE_OBJC_ARC = YES;
				CLANG_ENABLE_OBJC_WEAK = YES;
				CLANG_WARN_BLOCK_CAPTURE_AUTORELEASING = YES;
				CLANG_WARN_BOOL_CONVERSION = YES;
				CLANG_WARN_COMMA = YES;
				CLANG_WARN_CONSTANT_CONVERSION = YES;
				CLANG_WARN_DEPRECATED_OBJC_IMPLEMENTATIONS = YES;
				CLANG_WARN_DIRECT_OBJC_ISA_USAGE = YES_ERROR;
				CLANG_WARN_DOCUMENTATION_COMMENTS = YES;
				CLANG_WARN_EMPTY_BODY = YES;
				CLANG_WARN_ENUM_CONVERSION = YES;
				CLANG_WARN_INFINITE_RECURSION = YES;
				CLANG_WARN_INT_CONVERSION = YES;
				CLANG_WARN_NON_LITERAL_NULL_CONVERSION = YES;
				CLANG_WARN_OBJC_IMPLICIT_RETAIN_SELF = YES;
				CLANG_WARN_OBJC_LITERAL_CONVERSION = YES;
				CLANG_WARN_OBJC_ROOT_CLASS = YES_ERROR;
				CLANG_WARN_QUOTED_INCLUDE_IN_FRAMEWORK_HEADER = YES;
				CLANG_WARN_RANGE_LOOP_ANALYSIS = YES;
				CLANG_WARN_STRICT_PROTOTYPES = YES;
				CLANG_WARN_SUSPICIOUS_MOVE = YES;
				CLANG_WARN_UNGUARDED_AVAILABILITY = YES_AGGRESSIVE;
				CLANG_WARN_UNREACHABLE_CODE = YES;
				CLANG_WARN__DUPLICATE_METHOD_MATCH = YES;
				COPY_PHASE_STRIP = NO;
				DEBUG_INFORMATION_FORMAT = "dwarf-with-dsym";
				ENABLE_NS_ASSERTIONS = NO;
				ENABLE_STRICT_OBJC_MSGSEND = YES;
				GCC_C_LANGUAGE_STANDARD = gnu11;
				GCC_NO_COMMON_BLOCKS = YES;
				GCC_WARN_64_TO_32_BIT_CONVERSION = YES;
				GCC_WARN_ABOUT_RETURN_TYPE = YES_ERROR;
				GCC_WARN_UNDECLARED_SELECTOR = YES;
				GCC_WARN_UNINITIALIZED_AUTOS = YES_AGGRESSIVE;
				GCC_WARN_UNUSED_FUNCTION = YES;
				GCC_WARN_UNUSED_VARIABLE = YES;
				IPHONEOS_DEPLOYMENT_TARGET = 15.2;
				MTL_ENABLE_DEBUG_INFO = NO;
				MTL_FAST_MATH = YES;
				SDKROOT = iphoneos;
				SWIFT_COMPILATION_MODE = wholemodule;
				SWIFT_OPTIMIZATION_LEVEL = "-O";
				VALIDATE_PRODUCT = YES;
			};
			name = Release;
		};
		FC5ED9B9299E2C3300CB35D2 /* Debug */ = {
			isa = XCBuildConfiguration;
			baseConfigurationReference = A87DBCCD6CADE4A76DD9C171 /* Pods-ToDoList.debug.xcconfig */;
			buildSettings = {
				ASSETCATALOG_COMPILER_APPICON_NAME = AppIcon;
				ASSETCATALOG_COMPILER_GLOBAL_ACCENT_COLOR_NAME = AccentColor;
				CODE_SIGN_STYLE = Automatic;
				CURRENT_PROJECT_VERSION = 1;
				GENERATE_INFOPLIST_FILE = YES;
				INFOPLIST_FILE = ToDoList/Info.plist;
				INFOPLIST_KEY_UIApplicationSupportsIndirectInputEvents = YES;
				INFOPLIST_KEY_UILaunchStoryboardName = LaunchScreen;
				INFOPLIST_KEY_UIMainStoryboardFile = Main;
				INFOPLIST_KEY_UISupportedInterfaceOrientations_iPad = "UIInterfaceOrientationPortrait UIInterfaceOrientationPortraitUpsideDown UIInterfaceOrientationLandscapeLeft UIInterfaceOrientationLandscapeRight";
				INFOPLIST_KEY_UISupportedInterfaceOrientations_iPhone = "UIInterfaceOrientationPortrait UIInterfaceOrientationLandscapeLeft UIInterfaceOrientationLandscapeRight";
				LD_RUNPATH_SEARCH_PATHS = (
					"$(inherited)",
					"@executable_path/Frameworks",
				);
				MARKETING_VERSION = 1.0;
				PRODUCT_BUNDLE_IDENTIFIER = BAF.ToDoList;
				PRODUCT_NAME = "$(TARGET_NAME)";
				SWIFT_EMIT_LOC_STRINGS = YES;
				SWIFT_VERSION = 5.0;
				TARGETED_DEVICE_FAMILY = "1,2";
			};
			name = Debug;
		};
		FC5ED9BA299E2C3300CB35D2 /* Release */ = {
			isa = XCBuildConfiguration;
			baseConfigurationReference = C02755665A200EEF19A67094 /* Pods-ToDoList.release.xcconfig */;
			buildSettings = {
				ASSETCATALOG_COMPILER_APPICON_NAME = AppIcon;
				ASSETCATALOG_COMPILER_GLOBAL_ACCENT_COLOR_NAME = AccentColor;
				CODE_SIGN_STYLE = Automatic;
				CURRENT_PROJECT_VERSION = 1;
				GENERATE_INFOPLIST_FILE = YES;
				INFOPLIST_FILE = ToDoList/Info.plist;
				INFOPLIST_KEY_UIApplicationSupportsIndirectInputEvents = YES;
				INFOPLIST_KEY_UILaunchStoryboardName = LaunchScreen;
				INFOPLIST_KEY_UIMainStoryboardFile = Main;
				INFOPLIST_KEY_UISupportedInterfaceOrientations_iPad = "UIInterfaceOrientationPortrait UIInterfaceOrientationPortraitUpsideDown UIInterfaceOrientationLandscapeLeft UIInterfaceOrientationLandscapeRight";
				INFOPLIST_KEY_UISupportedInterfaceOrientations_iPhone = "UIInterfaceOrientationPortrait UIInterfaceOrientationLandscapeLeft UIInterfaceOrientationLandscapeRight";
				LD_RUNPATH_SEARCH_PATHS = (
					"$(inherited)",
					"@executable_path/Frameworks",
				);
				MARKETING_VERSION = 1.0;
				PRODUCT_BUNDLE_IDENTIFIER = BAF.ToDoList;
				PRODUCT_NAME = "$(TARGET_NAME)";
				SWIFT_EMIT_LOC_STRINGS = YES;
				SWIFT_VERSION = 5.0;
				TARGETED_DEVICE_FAMILY = "1,2";
			};
			name = Release;
		};
/* End XCBuildConfiguration section */

/* Begin XCConfigurationList section */
		FC5ED99F299E2C3100CB35D2 /* Build configuration list for PBXProject "ToDoList" */ = {
			isa = XCConfigurationList;
			buildConfigurations = (
				FC5ED9B6299E2C3300CB35D2 /* Debug */,
				FC5ED9B7299E2C3300CB35D2 /* Release */,
			);
			defaultConfigurationIsVisible = 0;
			defaultConfigurationName = Release;
		};
		FC5ED9B8299E2C3300CB35D2 /* Build configuration list for PBXNativeTarget "ToDoList" */ = {
			isa = XCConfigurationList;
			buildConfigurations = (
				FC5ED9B9299E2C3300CB35D2 /* Debug */,
				FC5ED9BA299E2C3300CB35D2 /* Release */,
			);
			defaultConfigurationIsVisible = 0;
			defaultConfigurationName = Release;
		};
/* End XCConfigurationList section */
	};
	rootObject = FC5ED99C299E2C3100CB35D2 /* Project object */;
}
